
Microsoft Visual Studio Solution File, Format Version 12.00
# Visual Studio 2013
VisualStudioVersion = 12.0.30723.0
MinimumVisualStudioVersion = 10.0.40219.1
Project("{FAE04EC0-301F-11D3-BF4B-00C04F79EFBC}") = "Mini Notepad", "Bai1\Mini Notepad.csproj", "{5A466A4D-91A6-4E96-B050-0A77A21D771F}"
EndProject
Global
	GlobalSection(SolutionConfigurationPlatforms) = preSolution
		Debug|Any CPU = Debug|Any CPU
		Release|Any CPU = Release|Any CPU
	EndGlobalSection
	GlobalSection(ProjectConfigurationPlatforms) = postSolution
		{5A466A4D-91A6-4E96-B050-0A77A21D771F}.Debug|Any CPU.ActiveCfg = Debug|Any CPU
		{5A466A4D-91A6-4E96-B050-0A77A21D771F}.Debug|Any CPU.Build.0 = Debug|Any CPU
		{5A466A4D-91A6-4E96-B050-0A77A21D771F}.Release|Any CPU.ActiveCfg = Release|Any CPU
		{5A466A4D-91A6-4E96-B050-0A77A21D771F}.Release|Any CPU.Build.0 = Release|Any CPU
	EndGlobalSection
	GlobalSection(SolutionProperties) = preSolution
		HideSolutionNode = FALSE
	EndGlobalSection
EndGlobal
